
Microsoft Visual Studio Solution File, Format Version 12.00
# Visual Studio Version 17
VisualStudioVersion = 17.9.34607.119
MinimumVisualStudioVersion = 10.0.40219.1
Project("{9A19103F-16F7-4668-BE54-9A1E7A4F7556}") = "AppChat", "AppChat\AppChat.csproj", "{DAD89E83-67B9-4260-BA6D-ACA22B10BB75}"
EndProject
Project("{9A19103F-16F7-4668-BE54-9A1E7A4F7556}") = "AppChat.Core", "AppChat.Core\AppChat.Core.csproj", "{BDF939E6-E8AA-4E2D-8E4A-3A0321B35DC3}"
EndProject
Global
	GlobalSection(SolutionConfigurationPlatforms) = preSolution
		Debug|Any CPU = Debug|Any CPU
		Debug|arm64 = Debug|arm64
		Debug|x64 = Debug|x64
		Debug|x86 = Debug|x86
		Release|Any CPU = Release|Any CPU
		Release|arm64 = Release|arm64
		Release|x64 = Release|x64
		Release|x86 = Release|x86
	EndGlobalSection
	GlobalSection(ProjectConfigurationPlatforms) = postSolution
		{DAD89E83-67B9-4260-BA6D-ACA22B10BB75}.Debug|Any CPU.ActiveCfg = Debug|x64
		{DAD89E83-67B9-4260-BA6D-ACA22B10BB75}.Debug|Any CPU.Build.0 = Debug|x64
		{DAD89E83-67B9-4260-BA6D-ACA22B10BB75}.Debug|Any CPU.Deploy.0 = Debug|x64
		{DAD89E83-67B9-4260-BA6D-ACA22B10BB75}.Debug|arm64.ActiveCfg = Debug|arm64
		{DAD89E83-67B9-4260-BA6D-ACA22B10BB75}.Debug|arm64.Build.0 = Debug|arm64
		{DAD89E83-67B9-4260-BA6D-ACA22B10BB75}.Debug|arm64.Deploy.0 = Debug|arm64
		{DAD89E83-67B9-4260-BA6D-ACA22B10BB75}.Debug|x64.ActiveCfg = Debug|x64
		{DAD89E83-67B9-4260-BA6D-ACA22B10BB75}.Debug|x64.Build.0 = Debug|x64
		{DAD89E83-67B9-4260-BA6D-ACA22B10BB75}.Debug|x64.Deploy.0 = Debug|x64
		{DAD89E83-67B9-4260-BA6D-ACA22B10BB75}.Debug|x86.ActiveCfg = Debug|x86
		{DAD89E83-67B9-4260-BA6D-ACA22B10BB75}.Debug|x86.Build.0 = Debug|x86
		{DAD89E83-67B9-4260-BA6D-ACA22B10BB75}.Debug|x86.Deploy.0 = Debug|x86
		{DAD89E83-67B9-4260-BA6D-ACA22B10BB75}.Release|Any CPU.ActiveCfg = Release|x64
		{DAD89E83-67B9-4260-BA6D-ACA22B10BB75}.Release|Any CPU.Build.0 = Release|x64
		{DAD89E83-67B9-4260-BA6D-ACA22B10BB75}.Release|Any CPU.Deploy.0 = Release|x64
		{DAD89E83-67B9-4260-BA6D-ACA22B10BB75}.Release|arm64.ActiveCfg = Release|arm64
		{DAD89E83-67B9-4260-BA6D-ACA22B10BB75}.Release|arm64.Build.0 = Release|arm64
		{DAD89E83-67B9-4260-BA6D-ACA22B10BB75}.Release|arm64.Deploy.0 = Release|arm64
		{DAD89E83-67B9-4260-BA6D-ACA22B10BB75}.Release|x64.ActiveCfg = Release|x64
		{DAD89E83-67B9-4260-BA6D-ACA22B10BB75}.Release|x64.Build.0 = Release|x64
		{DAD89E83-67B9-4260-BA6D-ACA22B10BB75}.Release|x64.Deploy.0 = Release|x64
		{DAD89E83-67B9-4260-BA6D-ACA22B10BB75}.Release|x86.ActiveCfg = Release|x86
		{DAD89E83-67B9-4260-BA6D-ACA22B10BB75}.Release|x86.Build.0 = Release|x86
		{DAD89E83-67B9-4260-BA6D-ACA22B10BB75}.Release|x86.Deploy.0 = Release|x86
		{BDF939E6-E8AA-4E2D-8E4A-3A0321B35DC3}.Debug|Any CPU.ActiveCfg = Debug|Any CPU
		{BDF939E6-E8AA-4E2D-8E4A-3A0321B35DC3}.Debug|Any CPU.Build.0 = Debug|Any CPU
		{BDF939E6-E8AA-4E2D-8E4A-3A0321B35DC3}.Debug|arm64.ActiveCfg = Debug|arm64
		{BDF939E6-E8AA-4E2D-8E4A-3A0321B35DC3}.Debug|arm64.Build.0 = Debug|arm64
		{BDF939E6-E8AA-4E2D-8E4A-3A0321B35DC3}.Debug|x64.ActiveCfg = Debug|x64
		{BDF939E6-E8AA-4E2D-8E4A-3A0321B35DC3}.Debug|x64.Build.0 = Debug|x64
		{BDF939E6-E8AA-4E2D-8E4A-3A0321B35DC3}.Debug|x86.ActiveCfg = Debug|x86
		{BDF939E6-E8AA-4E2D-8E4A-3A0321B35DC3}.Debug|x86.Build.0 = Debug|x86
		{BDF939E6-E8AA-4E2D-8E4A-3A0321B35DC3}.Release|Any CPU.ActiveCfg = Release|Any CPU
		{BDF939E6-E8AA-4E2D-8E4A-3A0321B35DC3}.Release|Any CPU.Build.0 = Release|Any CPU
		{BDF939E6-E8AA-4E2D-8E4A-3A0321B35DC3}.Release|arm64.ActiveCfg = Release|arm64
		{BDF939E6-E8AA-4E2D-8E4A-3A0321B35DC3}.Release|arm64.Build.0 = Release|arm64
		{BDF939E6-E8AA-4E2D-8E4A-3A0321B35DC3}.Release|x64.ActiveCfg = Release|x64
		{BDF939E6-E8AA-4E2D-8E4A-3A0321B35DC3}.Release|x64.Build.0 = Release|x64
		{BDF939E6-E8AA-4E2D-8E4A-3A0321B35DC3}.Release|x86.ActiveCfg = Release|x86
		{BDF939E6-E8AA-4E2D-8E4A-3A0321B35DC3}.Release|x86.Build.0 = Release|x86
	EndGlobalSection
	GlobalSection(SolutionProperties) = preSolution
		HideSolutionNode = FALSE
	EndGlobalSection
	GlobalSection(ExtensibilityGlobals) = postSolution
		SolutionGuid = {8DD7E578-D6BD-4D64-84DA-0A5E28F81A6D}
	EndGlobalSection
EndGlobal
